
Microsoft Visual Studio Solution File, Format Version 12.00
# Visual Studio Version 17
VisualStudioVersion = 17.1.32407.343
MinimumVisualStudioVersion = 10.0.40219.1
Project("{9A19103F-16F7-4668-BE54-9A1E7A4F7556}") = "cleanUnity", "cleanUnity\cleanUnity.csproj", "{CAE3B38B-0E24-4C55-899F-8FE124C6145C}"
EndProject
Project("{54435603-DBB4-11D2-8724-00A0C9A8B90C}") = "instalador_CleanUnity", "cleanUnity\instalador\instalador_CleanUnity\instalador_CleanUnity.vdproj", "{6BB02D77-CC0E-4897-8A28-425CEA7A055D}"
EndProject
Global
	GlobalSection(SolutionConfigurationPlatforms) = preSolution
		Debug|Any CPU = Debug|Any CPU
		Release|Any CPU = Release|Any CPU
	EndGlobalSection
	GlobalSection(ProjectConfigurationPlatforms) = postSolution
		{CAE3B38B-0E24-4C55-899F-8FE124C6145C}.Debug|Any CPU.ActiveCfg = Debug|Any CPU
		{CAE3B38B-0E24-4C55-899F-8FE124C6145C}.Debug|Any CPU.Build.0 = Debug|Any CPU
		{CAE3B38B-0E24-4C55-899F-8FE124C6145C}.Release|Any CPU.ActiveCfg = Release|Any CPU
		{CAE3B38B-0E24-4C55-899F-8FE124C6145C}.Release|Any CPU.Build.0 = Release|Any CPU
		{6BB02D77-CC0E-4897-8A28-425CEA7A055D}.Debug|Any CPU.ActiveCfg = Debug
		{6BB02D77-CC0E-4897-8A28-425CEA7A055D}.Release|Any CPU.ActiveCfg = Release
	EndGlobalSection
	GlobalSection(SolutionProperties) = preSolution
		HideSolutionNode = FALSE
	EndGlobalSection
	GlobalSection(ExtensibilityGlobals) = postSolution
		SolutionGuid = {1BCDB8F1-AACA-4CC0-9930-EB9CA5AA50DD}
	EndGlobalSection
EndGlobal
